{
  "object": {
    "pins": [
      {
        "package": "GraphQL",
        "repositoryURL": "https://github.com/ocelotgraphql/graphql-swift",
        "state": {
          "branch": "master",
          "revision": "56cfb74bbd76dfc833266253e35c03ed135504ac",
          "version": null
        }
      }
    ]
  },
  "version": 1
}
